
Microsoft Visual Studio Solution File, Format Version 12.00
# Visual Studio Version 17
VisualStudioVersion = 17.11.35312.102
MinimumVisualStudioVersion = 10.0.40219.1
Project("{FAE04EC0-301F-11D3-BF4B-00C04F79EFBC}") = "P19CountDownEvent", "P19CountDownEvent\P19CountDownEvent.csproj", "{DC8E51E1-940B-4D92-B197-7159A82EE781}"
EndProject
Project("{FAE04EC0-301F-11D3-BF4B-00C04F79EFBC}") = "P20ManualAutoResetEvent", "P20ManualAutoResetEvent\P20ManualAutoResetEvent.csproj", "{6C6891D4-2D29-4051-9FBE-B70EAB43544E}"
EndProject
Project("{FAE04EC0-301F-11D3-BF4B-00C04F79EFBC}") = "P21SemaphoreSilm", "P21SemaphoreSilm\P21SemaphoreSilm.csproj", "{DD5DE2E1-63E4-4C11-8BDD-8ED09CAA0445}"
EndProject
Global
	GlobalSection(SolutionConfigurationPlatforms) = preSolution
		Debug|Any CPU = Debug|Any CPU
		Release|Any CPU = Release|Any CPU
	EndGlobalSection
	GlobalSection(ProjectConfigurationPlatforms) = postSolution
		{DC8E51E1-940B-4D92-B197-7159A82EE781}.Debug|Any CPU.ActiveCfg = Debug|Any CPU
		{DC8E51E1-940B-4D92-B197-7159A82EE781}.Debug|Any CPU.Build.0 = Debug|Any CPU
		{DC8E51E1-940B-4D92-B197-7159A82EE781}.Release|Any CPU.ActiveCfg = Release|Any CPU
		{DC8E51E1-940B-4D92-B197-7159A82EE781}.Release|Any CPU.Build.0 = Release|Any CPU
		{6C6891D4-2D29-4051-9FBE-B70EAB43544E}.Debug|Any CPU.ActiveCfg = Debug|Any CPU
		{6C6891D4-2D29-4051-9FBE-B70EAB43544E}.Debug|Any CPU.Build.0 = Debug|Any CPU
		{6C6891D4-2D29-4051-9FBE-B70EAB43544E}.Release|Any CPU.ActiveCfg = Release|Any CPU
		{6C6891D4-2D29-4051-9FBE-B70EAB43544E}.Release|Any CPU.Build.0 = Release|Any CPU
		{DD5DE2E1-63E4-4C11-8BDD-8ED09CAA0445}.Debug|Any CPU.ActiveCfg = Debug|Any CPU
		{DD5DE2E1-63E4-4C11-8BDD-8ED09CAA0445}.Debug|Any CPU.Build.0 = Debug|Any CPU
		{DD5DE2E1-63E4-4C11-8BDD-8ED09CAA0445}.Release|Any CPU.ActiveCfg = Release|Any CPU
		{DD5DE2E1-63E4-4C11-8BDD-8ED09CAA0445}.Release|Any CPU.Build.0 = Release|Any CPU
	EndGlobalSection
	GlobalSection(SolutionProperties) = preSolution
		HideSolutionNode = FALSE
	EndGlobalSection
	GlobalSection(ExtensibilityGlobals) = postSolution
		SolutionGuid = {3B654E82-792D-4E3C-A0CF-C433240803E6}
	EndGlobalSection
EndGlobal
